
Microsoft Visual Studio Solution File, Format Version 12.00
# Visual Studio Version 16
VisualStudioVersion = 16.0.28803.452
MinimumVisualStudioVersion = 10.0.40219.1
Project("{2150E333-8FDC-42A3-9474-1A3956D46DE8}") = "Data", "Data", "{BE41420E-D78D-411A-9547-0BAACE12798F}"
EndProject
Project("{9A19103F-16F7-4668-BE54-9A1E7A4F7556}") = "LoWaiLo.Data.Common", "Data\LoWaiLo.Data.Common\LoWaiLo.Data.Common.csproj", "{07316CDF-E427-4255-B15E-5127D80A29BB}"
EndProject
Project("{9A19103F-16F7-4668-BE54-9A1E7A4F7556}") = "LoWaiLo.Data.Models", "Data\LoWaiLo.Data.Models\LoWaiLo.Data.Models.csproj", "{3A15E3F2-9E98-4E69-B50D-7B40096AA80C}"
EndProject
Project("{9A19103F-16F7-4668-BE54-9A1E7A4F7556}") = "LoWaiLo.Data", "Data\LoWaiLo.Data\LoWaiLo.Data.csproj", "{48F1CD7E-637D-443D-8F5D-F7A956AC3587}"
EndProject
Project("{9A19103F-16F7-4668-BE54-9A1E7A4F7556}") = "LoWaiLo.Common", "LoWaiLo.Common\LoWaiLo.Common.csproj", "{457DE8E9-E93D-458B-B7DB-FA250FDFCE49}"
EndProject
Project("{2150E333-8FDC-42A3-9474-1A3956D46DE8}") = "Services", "Services", "{8FACEBE2-7165-4B0F-B151-33A69BDD505E}"
EndProject
Project("{2150E333-8FDC-42A3-9474-1A3956D46DE8}") = "Web", "Web", "{D97084AC-F863-45CB-A961-7E58BE35A69C}"
EndProject
Project("{9A19103F-16F7-4668-BE54-9A1E7A4F7556}") = "LoWaiLo.WebAPI", "Web\LoWaiLo.WebAPI\LoWaiLo.WebAPI.csproj", "{D8F853FC-3684-433E-85C8-D088242F9D1D}"
EndProject
Project("{9A19103F-16F7-4668-BE54-9A1E7A4F7556}") = "LoWaiLo.Services.Messaging", "Services\LoWaiLo.Services.Messaging\LoWaiLo.Services.Messaging\LoWaiLo.Services.Messaging.csproj", "{2248B0CA-3CF6-4A31-89A5-59BC70E0F954}"
EndProject
Project("{FAE04EC0-301F-11D3-BF4B-00C04F79EFBC}") = "LoWaiLo.Services.Data", "Services\LoWaiLo.Services.Data\LoWaiLo.Services.Data.csproj", "{D26D6631-C5C3-4205-AB57-01A640F4FC38}"
EndProject
Global
	GlobalSection(SolutionConfigurationPlatforms) = preSolution
		Debug|Any CPU = Debug|Any CPU
		Release|Any CPU = Release|Any CPU
	EndGlobalSection
	GlobalSection(ProjectConfigurationPlatforms) = postSolution
		{07316CDF-E427-4255-B15E-5127D80A29BB}.Debug|Any CPU.ActiveCfg = Debug|Any CPU
		{07316CDF-E427-4255-B15E-5127D80A29BB}.Debug|Any CPU.Build.0 = Debug|Any CPU
		{07316CDF-E427-4255-B15E-5127D80A29BB}.Release|Any CPU.ActiveCfg = Release|Any CPU
		{07316CDF-E427-4255-B15E-5127D80A29BB}.Release|Any CPU.Build.0 = Release|Any CPU
		{3A15E3F2-9E98-4E69-B50D-7B40096AA80C}.Debug|Any CPU.ActiveCfg = Debug|Any CPU
		{3A15E3F2-9E98-4E69-B50D-7B40096AA80C}.Debug|Any CPU.Build.0 = Debug|Any CPU
		{3A15E3F2-9E98-4E69-B50D-7B40096AA80C}.Release|Any CPU.ActiveCfg = Release|Any CPU
		{3A15E3F2-9E98-4E69-B50D-7B40096AA80C}.Release|Any CPU.Build.0 = Release|Any CPU
		{48F1CD7E-637D-443D-8F5D-F7A956AC3587}.Debug|Any CPU.ActiveCfg = Debug|Any CPU
		{48F1CD7E-637D-443D-8F5D-F7A956AC3587}.Debug|Any CPU.Build.0 = Debug|Any CPU
		{48F1CD7E-637D-443D-8F5D-F7A956AC3587}.Release|Any CPU.ActiveCfg = Release|Any CPU
		{48F1CD7E-637D-443D-8F5D-F7A956AC3587}.Release|Any CPU.Build.0 = Release|Any CPU
		{457DE8E9-E93D-458B-B7DB-FA250FDFCE49}.Debug|Any CPU.ActiveCfg = Debug|Any CPU
		{457DE8E9-E93D-458B-B7DB-FA250FDFCE49}.Debug|Any CPU.Build.0 = Debug|Any CPU
		{457DE8E9-E93D-458B-B7DB-FA250FDFCE49}.Release|Any CPU.ActiveCfg = Release|Any CPU
		{457DE8E9-E93D-458B-B7DB-FA250FDFCE49}.Release|Any CPU.Build.0 = Release|Any CPU
		{D8F853FC-3684-433E-85C8-D088242F9D1D}.Debug|Any CPU.ActiveCfg = Debug|Any CPU
		{D8F853FC-3684-433E-85C8-D088242F9D1D}.Debug|Any CPU.Build.0 = Debug|Any CPU
		{D8F853FC-3684-433E-85C8-D088242F9D1D}.Release|Any CPU.ActiveCfg = Release|Any CPU
		{D8F853FC-3684-433E-85C8-D088242F9D1D}.Release|Any CPU.Build.0 = Release|Any CPU
		{2248B0CA-3CF6-4A31-89A5-59BC70E0F954}.Debug|Any CPU.ActiveCfg = Debug|Any CPU
		{2248B0CA-3CF6-4A31-89A5-59BC70E0F954}.Debug|Any CPU.Build.0 = Debug|Any CPU
		{2248B0CA-3CF6-4A31-89A5-59BC70E0F954}.Release|Any CPU.ActiveCfg = Release|Any CPU
		{2248B0CA-3CF6-4A31-89A5-59BC70E0F954}.Release|Any CPU.Build.0 = Release|Any CPU
		{D26D6631-C5C3-4205-AB57-01A640F4FC38}.Debug|Any CPU.ActiveCfg = Debug|Any CPU
		{D26D6631-C5C3-4205-AB57-01A640F4FC38}.Debug|Any CPU.Build.0 = Debug|Any CPU
		{D26D6631-C5C3-4205-AB57-01A640F4FC38}.Release|Any CPU.ActiveCfg = Release|Any CPU
		{D26D6631-C5C3-4205-AB57-01A640F4FC38}.Release|Any CPU.Build.0 = Release|Any CPU
	EndGlobalSection
	GlobalSection(SolutionProperties) = preSolution
		HideSolutionNode = FALSE
	EndGlobalSection
	GlobalSection(NestedProjects) = preSolution
		{07316CDF-E427-4255-B15E-5127D80A29BB} = {BE41420E-D78D-411A-9547-0BAACE12798F}
		{3A15E3F2-9E98-4E69-B50D-7B40096AA80C} = {BE41420E-D78D-411A-9547-0BAACE12798F}
		{48F1CD7E-637D-443D-8F5D-F7A956AC3587} = {BE41420E-D78D-411A-9547-0BAACE12798F}
		{D8F853FC-3684-433E-85C8-D088242F9D1D} = {D97084AC-F863-45CB-A961-7E58BE35A69C}
		{2248B0CA-3CF6-4A31-89A5-59BC70E0F954} = {8FACEBE2-7165-4B0F-B151-33A69BDD505E}
		{D26D6631-C5C3-4205-AB57-01A640F4FC38} = {8FACEBE2-7165-4B0F-B151-33A69BDD505E}
	EndGlobalSection
	GlobalSection(ExtensibilityGlobals) = postSolution
		SolutionGuid = {DCFF6BC6-9AB8-43A2-BF9A-09FD72DD3D1E}
	EndGlobalSection
EndGlobal
